
Microsoft Visual Studio Solution File, Format Version 12.00
# Visual Studio Version 17
VisualStudioVersion = 17.7.34024.191
MinimumVisualStudioVersion = 10.0.40219.1
Project("{FAE04EC0-301F-11D3-BF4B-00C04F79EFBC}") = "Research_management.Shared", "Research_management.Shared\Research_management.Shared.csproj", "{D2FE4BCC-0719-49C6-BF8A-A1654DF1FD0F}"
EndProject
Project("{FAE04EC0-301F-11D3-BF4B-00C04F79EFBC}") = "Research_management.API", "Research_Management.API\Research_management.API.csproj", "{4E78B797-2326-40B7-89DE-1E06410310C4}"
EndProject
Global
	GlobalSection(SolutionConfigurationPlatforms) = preSolution
		Debug|Any CPU = Debug|Any CPU
		Release|Any CPU = Release|Any CPU
	EndGlobalSection
	GlobalSection(ProjectConfigurationPlatforms) = postSolution
		{D2FE4BCC-0719-49C6-BF8A-A1654DF1FD0F}.Debug|Any CPU.ActiveCfg = Debug|Any CPU
		{D2FE4BCC-0719-49C6-BF8A-A1654DF1FD0F}.Debug|Any CPU.Build.0 = Debug|Any CPU
		{D2FE4BCC-0719-49C6-BF8A-A1654DF1FD0F}.Release|Any CPU.ActiveCfg = Release|Any CPU
		{D2FE4BCC-0719-49C6-BF8A-A1654DF1FD0F}.Release|Any CPU.Build.0 = Release|Any CPU
		{4E78B797-2326-40B7-89DE-1E06410310C4}.Debug|Any CPU.ActiveCfg = Debug|Any CPU
		{4E78B797-2326-40B7-89DE-1E06410310C4}.Debug|Any CPU.Build.0 = Debug|Any CPU
		{4E78B797-2326-40B7-89DE-1E06410310C4}.Release|Any CPU.ActiveCfg = Release|Any CPU
		{4E78B797-2326-40B7-89DE-1E06410310C4}.Release|Any CPU.Build.0 = Release|Any CPU
	EndGlobalSection
	GlobalSection(SolutionProperties) = preSolution
		HideSolutionNode = FALSE
	EndGlobalSection
	GlobalSection(ExtensibilityGlobals) = postSolution
		SolutionGuid = {C63230BE-3513-48F9-BCE3-BBDFB1E6E946}
	EndGlobalSection
EndGlobal
